Microsoft Visual Studio Solution File, Format Version 12.00
# Visual Studio 2012
Project("{2150E333-8FDC-42A3-9474-1A3956D46DE8}") = "Solution Items", "Solution Items", "{B576DCA9-9716-469D-B5B7-ACDB16CD6774}"
	ProjectSection(SolutionItems) = preProject
		ReadMe.htm = ReadMe.htm
	EndProjectSection
EndProject
Project("{F184B08F-C81C-45F6-A57F-5ABD9991F28F}") = "CEdit", "Cedit\CEdit.vbproj", "{CB26F40A-5B87-473B-805B-5392B6D0FE8C}"
	ProjectSection(ProjectDependencies) = postProject
		{5B8BF04C-0BF0-41CD-94D4-40BB0FEE09E4} = {5B8BF04C-0BF0-41CD-94D4-40BB0FEE09E4}
	EndProjectSection
EndProject
Project("{6989167D-11E4-40FE-8C1A-2192A86A7E90}") = "CFAST", "CFAST\CFAST.vfproj", "{5B8BF04C-0BF0-41CD-94D4-40BB0FEE09E4}"
EndProject
Project("{6989167D-11E4-40FE-8C1A-2192A86A7E90}") = "VandV_Calcs", "VandV_Calcs\VandV_Calcs.vfproj", "{E683F356-6517-47C8-9E96-07E174786D61}"
EndProject
Global
	GlobalSection(SolutionConfigurationPlatforms) = preSolution
		CD_ROM|Any CPU = CD_ROM|Any CPU
		CD_ROM|Mixed Platforms = CD_ROM|Mixed Platforms
		CD_ROM|Win32 = CD_ROM|Win32
		CD_ROM|x64 = CD_ROM|x64
		Custom|Any CPU = Custom|Any CPU
		Custom|Mixed Platforms = Custom|Mixed Platforms
		Custom|Win32 = Custom|Win32
		Custom|x64 = Custom|x64
		Debug|Any CPU = Debug|Any CPU
		Debug|Mixed Platforms = Debug|Mixed Platforms
		Debug|Win32 = Debug|Win32
		Debug|x64 = Debug|x64
		DVD-10|Any CPU = DVD-10|Any CPU
		DVD-10|Mixed Platforms = DVD-10|Mixed Platforms
		DVD-10|Win32 = DVD-10|Win32
		DVD-10|x64 = DVD-10|x64
		DVD-18|Any CPU = DVD-18|Any CPU
		DVD-18|Mixed Platforms = DVD-18|Mixed Platforms
		DVD-18|Win32 = DVD-18|Win32
		DVD-18|x64 = DVD-18|x64
		DVD-5|Any CPU = DVD-5|Any CPU
		DVD-5|Mixed Platforms = DVD-5|Mixed Platforms
		DVD-5|Win32 = DVD-5|Win32
		DVD-5|x64 = DVD-5|x64
		DVD-9|Any CPU = DVD-9|Any CPU
		DVD-9|Mixed Platforms = DVD-9|Mixed Platforms
		DVD-9|Win32 = DVD-9|Win32
		DVD-9|x64 = DVD-9|x64
		Release|Any CPU = Release|Any CPU
		Release|Mixed Platforms = Release|Mixed Platforms
		Release|Win32 = Release|Win32
		Release|x64 = Release|x64
		SingleImage|Any CPU = SingleImage|Any CPU
		SingleImage|Mixed Platforms = SingleImage|Mixed Platforms
		SingleImage|Win32 = SingleImage|Win32
		SingleImage|x64 = SingleImage|x64
		WebDeployment|Any CPU = WebDeployment|Any CPU
		WebDeployment|Mixed Platforms = WebDeployment|Mixed Platforms
		WebDeployment|Win32 = WebDeployment|Win32
		WebDeployment|x64 = WebDeployment|x64
		Wise Installation|Any CPU = Wise Installation|Any CPU
		Wise Installation|Mixed Platforms = Wise Installation|Mixed Platforms
		Wise Installation|Win32 = Wise Installation|Win32
		Wise Installation|x64 = Wise Installation|x64
		x64|Any CPU = x64|Any CPU
		x64|Mixed Platforms = x64|Mixed Platforms
		x64|Win32 = x64|Win32
		x64|x64 = x64|x64
	EndGlobalSection
	GlobalSection(ProjectConfigurationPlatforms) = postSolution
		{CB26F40A-5B87-473B-805B-5392B6D0FE8C}.CD_ROM|Any CPU.ActiveCfg = Release|Any CPU
		{CB26F40A-5B87-473B-805B-5392B6D0FE8C}.CD_ROM|Any CPU.Build.0 = Release|Any CPU
		{CB26F40A-5B87-473B-805B-5392B6D0FE8C}.CD_ROM|Mixed Platforms.ActiveCfg = Release|Any CPU
		{CB26F40A-5B87-473B-805B-5392B6D0FE8C}.CD_ROM|Mixed Platforms.Build.0 = Release|Any CPU
		{CB26F40A-5B87-473B-805B-5392B6D0FE8C}.CD_ROM|Win32.ActiveCfg = Release|Any CPU
		{CB26F40A-5B87-473B-805B-5392B6D0FE8C}.CD_ROM|x64.ActiveCfg = Release|Any CPU
		{CB26F40A-5B87-473B-805B-5392B6D0FE8C}.Custom|Any CPU.ActiveCfg = Release|Any CPU
		{CB26F40A-5B87-473B-805B-5392B6D0FE8C}.Custom|Any CPU.Build.0 = Release|Any CPU
		{CB26F40A-5B87-473B-805B-5392B6D0FE8C}.Custom|Mixed Platforms.ActiveCfg = Release|Any CPU
		{CB26F40A-5B87-473B-805B-5392B6D0FE8C}.Custom|Mixed Platforms.Build.0 = Release|Any CPU
		{CB26F40A-5B87-473B-805B-5392B6D0FE8C}.Custom|Win32.ActiveCfg = Release|Any CPU
		{CB26F40A-5B87-473B-805B-5392B6D0FE8C}.Custom|x64.ActiveCfg = Release|Any CPU
		{CB26F40A-5B87-473B-805B-5392B6D0FE8C}.Debug|Any CPU.ActiveCfg = Debug|Any CPU
		{CB26F40A-5B87-473B-805B-5392B6D0FE8C}.Debug|Any CPU.Build.0 = Debug|Any CPU
		{CB26F40A-5B87-473B-805B-5392B6D0FE8C}.Debug|Mixed Platforms.ActiveCfg = Debug|Any CPU
		{CB26F40A-5B87-473B-805B-5392B6D0FE8C}.Debug|Mixed Platforms.Build.0 = Debug|Any CPU
		{CB26F40A-5B87-473B-805B-5392B6D0FE8C}.Debug|Win32.ActiveCfg = Debug|Any CPU
		{CB26F40A-5B87-473B-805B-5392B6D0FE8C}.Debug|x64.ActiveCfg = Debug|Any CPU
		{CB26F40A-5B87-473B-805B-5392B6D0FE8C}.Debug|x64.Build.0 = Debug|Any CPU
		{CB26F40A-5B87-473B-805B-5392B6D0FE8C}.DVD-10|Any CPU.ActiveCfg = Debug|Any CPU
		{CB26F40A-5B87-473B-805B-5392B6D0FE8C}.DVD-10|Any CPU.Build.0 = Debug|Any CPU
		{CB26F40A-5B87-473B-805B-5392B6D0FE8C}.DVD-10|Mixed Platforms.ActiveCfg = Debug|Any CPU
		{CB26F40A-5B87-473B-805B-5392B6D0FE8C}.DVD-10|Mixed Platforms.Build.0 = Debug|Any CPU
		{CB26F40A-5B87-473B-805B-5392B6D0FE8C}.DVD-10|Win32.ActiveCfg = Debug|Any CPU
		{CB26F40A-5B87-473B-805B-5392B6D0FE8C}.DVD-10|x64.ActiveCfg = Debug|Any CPU
		{CB26F40A-5B87-473B-805B-5392B6D0FE8C}.DVD-18|Any CPU.ActiveCfg = Debug|Any CPU
		{CB26F40A-5B87-473B-805B-5392B6D0FE8C}.DVD-18|Any CPU.Build.0 = Debug|Any CPU
		{CB26F40A-5B87-473B-805B-5392B6D0FE8C}.DVD-18|Mixed Platforms.ActiveCfg = Debug|Any CPU
		{CB26F40A-5B87-473B-805B-5392B6D0FE8C}.DVD-18|Mixed Platforms.Build.0 = Debug|Any CPU
		{CB26F40A-5B87-473B-805B-5392B6D0FE8C}.DVD-18|Win32.ActiveCfg = Debug|Any CPU
		{CB26F40A-5B87-473B-805B-5392B6D0FE8C}.DVD-18|x64.ActiveCfg = Debug|Any CPU
		{CB26F40A-5B87-473B-805B-5392B6D0FE8C}.DVD-5|Any CPU.ActiveCfg = Debug|Any CPU
		{CB26F40A-5B87-473B-805B-5392B6D0FE8C}.DVD-5|Any CPU.Build.0 = Debug|Any CPU
		{CB26F40A-5B87-473B-805B-5392B6D0FE8C}.DVD-5|Mixed Platforms.ActiveCfg = Debug|Any CPU
		{CB26F40A-5B87-473B-805B-5392B6D0FE8C}.DVD-5|Mixed Platforms.Build.0 = Debug|Any CPU
		{CB26F40A-5B87-473B-805B-5392B6D0FE8C}.DVD-5|Win32.ActiveCfg = Debug|Any CPU
		{CB26F40A-5B87-473B-805B-5392B6D0FE8C}.DVD-5|x64.ActiveCfg = Debug|Any CPU
		{CB26F40A-5B87-473B-805B-5392B6D0FE8C}.DVD-9|Any CPU.ActiveCfg = Debug|Any CPU
		{CB26F40A-5B87-473B-805B-5392B6D0FE8C}.DVD-9|Any CPU.Build.0 = Debug|Any CPU
		{CB26F40A-5B87-473B-805B-5392B6D0FE8C}.DVD-9|Mixed Platforms.ActiveCfg = Debug|Any CPU
		{CB26F40A-5B87-473B-805B-5392B6D0FE8C}.DVD-9|Mixed Platforms.Build.0 = Debug|Any CPU
		{CB26F40A-5B87-473B-805B-5392B6D0FE8C}.DVD-9|Win32.ActiveCfg = Debug|Any CPU
		{CB26F40A-5B87-473B-805B-5392B6D0FE8C}.DVD-9|x64.ActiveCfg = Debug|Any CPU
		{CB26F40A-5B87-473B-805B-5392B6D0FE8C}.Release|Any CPU.ActiveCfg = Release|Any CPU
		{CB26F40A-5B87-473B-805B-5392B6D0FE8C}.Release|Any CPU.Build.0 = Release|Any CPU
		{CB26F40A-5B87-473B-805B-5392B6D0FE8C}.Release|Mixed Platforms.ActiveCfg = Release|Any CPU
		{CB26F40A-5B87-473B-805B-5392B6D0FE8C}.Release|Mixed Platforms.Build.0 = Release|Any CPU
		{CB26F40A-5B87-473B-805B-5392B6D0FE8C}.Release|Win32.ActiveCfg = Release|Any CPU
		{CB26F40A-5B87-473B-805B-5392B6D0FE8C}.Release|Win32.Build.0 = Release|Any CPU
		{CB26F40A-5B87-473B-805B-5392B6D0FE8C}.Release|x64.ActiveCfg = Release|Any CPU
		{CB26F40A-5B87-473B-805B-5392B6D0FE8C}.SingleImage|Any CPU.ActiveCfg = Release|Any CPU
		{CB26F40A-5B87-473B-805B-5392B6D0FE8C}.SingleImage|Any CPU.Build.0 = Release|Any CPU
		{CB26F40A-5B87-473B-805B-5392B6D0FE8C}.SingleImage|Mixed Platforms.ActiveCfg = Release|Any CPU
		{CB26F40A-5B87-473B-805B-5392B6D0FE8C}.SingleImage|Mixed Platforms.Build.0 = Release|Any CPU
		{CB26F40A-5B87-473B-805B-5392B6D0FE8C}.SingleImage|Win32.ActiveCfg = Release|Any CPU
		{CB26F40A-5B87-473B-805B-5392B6D0FE8C}.SingleImage|x64.ActiveCfg = Release|Any CPU
		{CB26F40A-5B87-473B-805B-5392B6D0FE8C}.SingleImage|x64.Build.0 = Release|Any CPU
		{CB26F40A-5B87-473B-805B-5392B6D0FE8C}.WebDeployment|Any CPU.ActiveCfg = Release|Any CPU
		{CB26F40A-5B87-473B-805B-5392B6D0FE8C}.WebDeployment|Any CPU.Build.0 = Release|Any CPU
		{CB26F40A-5B87-473B-805B-5392B6D0FE8C}.WebDeployment|Mixed Platforms.ActiveCfg = Release|Any CPU
		{CB26F40A-5B87-473B-805B-5392B6D0FE8C}.WebDeployment|Mixed Platforms.Build.0 = Release|Any CPU
		{CB26F40A-5B87-473B-805B-5392B6D0FE8C}.WebDeployment|Win32.ActiveCfg = Release|Any CPU
		{CB26F40A-5B87-473B-805B-5392B6D0FE8C}.WebDeployment|x64.ActiveCfg = Release|Any CPU
		{CB26F40A-5B87-473B-805B-5392B6D0FE8C}.Wise Installation|Any CPU.ActiveCfg = Release|Any CPU
		{CB26F40A-5B87-473B-805B-5392B6D0FE8C}.Wise Installation|Any CPU.Build.0 = Release|Any CPU
		{CB26F40A-5B87-473B-805B-5392B6D0FE8C}.Wise Installation|Mixed Platforms.ActiveCfg = Release|Any CPU
		{CB26F40A-5B87-473B-805B-5392B6D0FE8C}.Wise Installation|Mixed Platforms.Build.0 = Release|Any CPU
		{CB26F40A-5B87-473B-805B-5392B6D0FE8C}.Wise Installation|Win32.ActiveCfg = Release|Any CPU
		{CB26F40A-5B87-473B-805B-5392B6D0FE8C}.Wise Installation|x64.ActiveCfg = Release|Any CPU
		{CB26F40A-5B87-473B-805B-5392B6D0FE8C}.x64|Any CPU.ActiveCfg = x64|Any CPU
		{CB26F40A-5B87-473B-805B-5392B6D0FE8C}.x64|Mixed Platforms.ActiveCfg = x64|Any CPU
		{CB26F40A-5B87-473B-805B-5392B6D0FE8C}.x64|Mixed Platforms.Build.0 = x64|Any CPU
		{CB26F40A-5B87-473B-805B-5392B6D0FE8C}.x64|Win32.ActiveCfg = x64|Any CPU
		{CB26F40A-5B87-473B-805B-5392B6D0FE8C}.x64|x64.ActiveCfg = x64|Any CPU
		{5B8BF04C-0BF0-41CD-94D4-40BB0FEE09E4}.CD_ROM|Any CPU.ActiveCfg = Release|Win32
		{5B8BF04C-0BF0-41CD-94D4-40BB0FEE09E4}.CD_ROM|Mixed Platforms.ActiveCfg = Release|Win32
		{5B8BF04C-0BF0-41CD-94D4-40BB0FEE09E4}.CD_ROM|Mixed Platforms.Build.0 = Release|Win32
		{5B8BF04C-0BF0-41CD-94D4-40BB0FEE09E4}.CD_ROM|Win32.ActiveCfg = Release|Win32
		{5B8BF04C-0BF0-41CD-94D4-40BB0FEE09E4}.CD_ROM|Win32.Build.0 = Release|Win32
		{5B8BF04C-0BF0-41CD-94D4-40BB0FEE09E4}.CD_ROM|x64.ActiveCfg = Release|x64
		{5B8BF04C-0BF0-41CD-94D4-40BB0FEE09E4}.CD_ROM|x64.Build.0 = Release|x64
		{5B8BF04C-0BF0-41CD-94D4-40BB0FEE09E4}.Custom|Any CPU.ActiveCfg = Release|Win32
		{5B8BF04C-0BF0-41CD-94D4-40BB0FEE09E4}.Custom|Mixed Platforms.ActiveCfg = Release|Win32
		{5B8BF04C-0BF0-41CD-94D4-40BB0FEE09E4}.Custom|Mixed Platforms.Build.0 = Release|Win32
		{5B8BF04C-0BF0-41CD-94D4-40BB0FEE09E4}.Custom|Win32.ActiveCfg = Release|Win32
		{5B8BF04C-0BF0-41CD-94D4-40BB0FEE09E4}.Custom|Win32.Build.0 = Release|Win32
		{5B8BF04C-0BF0-41CD-94D4-40BB0FEE09E4}.Custom|x64.ActiveCfg = Release|x64
		{5B8BF04C-0BF0-41CD-94D4-40BB0FEE09E4}.Custom|x64.Build.0 = Release|x64
		{5B8BF04C-0BF0-41CD-94D4-40BB0FEE09E4}.Debug|Any CPU.ActiveCfg = Debug|Win32
		{5B8BF04C-0BF0-41CD-94D4-40BB0FEE09E4}.Debug|Any CPU.Build.0 = Debug|Win32
		{5B8BF04C-0BF0-41CD-94D4-40BB0FEE09E4}.Debug|Mixed Platforms.ActiveCfg = Debug|Win32
		{5B8BF04C-0BF0-41CD-94D4-40BB0FEE09E4}.Debug|Mixed Platforms.Build.0 = Debug|Win32
		{5B8BF04C-0BF0-41CD-94D4-40BB0FEE09E4}.Debug|Win32.ActiveCfg = Debug|Win32
		{5B8BF04C-0BF0-41CD-94D4-40BB0FEE09E4}.Debug|Win32.Build.0 = Debug|Win32
		{5B8BF04C-0BF0-41CD-94D4-40BB0FEE09E4}.Debug|x64.ActiveCfg = Debug|Win32
		{5B8BF04C-0BF0-41CD-94D4-40BB0FEE09E4}.Debug|x64.Build.0 = Debug|Win32
		{5B8BF04C-0BF0-41CD-94D4-40BB0FEE09E4}.DVD-10|Any CPU.ActiveCfg = Debug|Win32
		{5B8BF04C-0BF0-41CD-94D4-40BB0FEE09E4}.DVD-10|Mixed Platforms.ActiveCfg = Debug|Win32
		{5B8BF04C-0BF0-41CD-94D4-40BB0FEE09E4}.DVD-10|Mixed Platforms.Build.0 = Debug|Win32
		{5B8BF04C-0BF0-41CD-94D4-40BB0FEE09E4}.DVD-10|Win32.ActiveCfg = Debug|Win32
		{5B8BF04C-0BF0-41CD-94D4-40BB0FEE09E4}.DVD-10|Win32.Build.0 = Debug|Win32
		{5B8BF04C-0BF0-41CD-94D4-40BB0FEE09E4}.DVD-10|x64.ActiveCfg = Debug|x64
		{5B8BF04C-0BF0-41CD-94D4-40BB0FEE09E4}.DVD-10|x64.Build.0 = Debug|x64
		{5B8BF04C-0BF0-41CD-94D4-40BB0FEE09E4}.DVD-18|Any CPU.ActiveCfg = Debug|Win32
		{5B8BF04C-0BF0-41CD-94D4-40BB0FEE09E4}.DVD-18|Mixed Platforms.ActiveCfg = Debug|Win32
		{5B8BF04C-0BF0-41CD-94D4-40BB0FEE09E4}.DVD-18|Mixed Platforms.Build.0 = Debug|Win32
		{5B8BF04C-0BF0-41CD-94D4-40BB0FEE09E4}.DVD-18|Win32.ActiveCfg = Debug|Win32
		{5B8BF04C-0BF0-41CD-94D4-40BB0FEE09E4}.DVD-18|Win32.Build.0 = Debug|Win32
		{5B8BF04C-0BF0-41CD-94D4-40BB0FEE09E4}.DVD-18|x64.ActiveCfg = Debug|x64
		{5B8BF04C-0BF0-41CD-94D4-40BB0FEE09E4}.DVD-18|x64.Build.0 = Debug|x64
		{5B8BF04C-0BF0-41CD-94D4-40BB0FEE09E4}.DVD-5|Any CPU.ActiveCfg = Debug|Win32
		{5B8BF04C-0BF0-41CD-94D4-40BB0FEE09E4}.DVD-5|Mixed Platforms.ActiveCfg = Debug|Win32
		{5B8BF04C-0BF0-41CD-94D4-40BB0FEE09E4}.DVD-5|Mixed Platforms.Build.0 = Debug|Win32
		{5B8BF04C-0BF0-41CD-94D4-40BB0FEE09E4}.DVD-5|Win32.ActiveCfg = Debug|Win32
		{5B8BF04C-0BF0-41CD-94D4-40BB0FEE09E4}.DVD-5|Win32.Build.0 = Debug|Win32
		{5B8BF04C-0BF0-41CD-94D4-40BB0FEE09E4}.DVD-5|x64.ActiveCfg = Debug|x64
		{5B8BF04C-0BF0-41CD-94D4-40BB0FEE09E4}.DVD-5|x64.Build.0 = Debug|x64
		{5B8BF04C-0BF0-41CD-94D4-40BB0FEE09E4}.DVD-9|Any CPU.ActiveCfg = Debug|Win32
		{5B8BF04C-0BF0-41CD-94D4-40BB0FEE09E4}.DVD-9|Mixed Platforms.ActiveCfg = Debug|Win32
		{5B8BF04C-0BF0-41CD-94D4-40BB0FEE09E4}.DVD-9|Mixed Platforms.Build.0 = Debug|Win32
		{5B8BF04C-0BF0-41CD-94D4-40BB0FEE09E4}.DVD-9|Win32.ActiveCfg = Debug|Win32
		{5B8BF04C-0BF0-41CD-94D4-40BB0FEE09E4}.DVD-9|Win32.Build.0 = Debug|Win32
		{5B8BF04C-0BF0-41CD-94D4-40BB0FEE09E4}.DVD-9|x64.ActiveCfg = Debug|x64
		{5B8BF04C-0BF0-41CD-94D4-40BB0FEE09E4}.DVD-9|x64.Build.0 = Debug|x64
		{5B8BF04C-0BF0-41CD-94D4-40BB0FEE09E4}.Release|Any CPU.ActiveCfg = Release|Win32
		{5B8BF04C-0BF0-41CD-94D4-40BB0FEE09E4}.Release|Any CPU.Build.0 = Release|Win32
		{5B8BF04C-0BF0-41CD-94D4-40BB0FEE09E4}.Release|Mixed Platforms.ActiveCfg = Release|Win32
		{5B8BF04C-0BF0-41CD-94D4-40BB0FEE09E4}.Release|Mixed Platforms.Build.0 = Release|Win32
		{5B8BF04C-0BF0-41CD-94D4-40BB0FEE09E4}.Release|Win32.ActiveCfg = Release|Win32
		{5B8BF04C-0BF0-41CD-94D4-40BB0FEE09E4}.Release|Win32.Build.0 = Release|Win32
		{5B8BF04C-0BF0-41CD-94D4-40BB0FEE09E4}.Release|x64.ActiveCfg = Release|x64
		{5B8BF04C-0BF0-41CD-94D4-40BB0FEE09E4}.Release|x64.Build.0 = Release|x64
		{5B8BF04C-0BF0-41CD-94D4-40BB0FEE09E4}.SingleImage|Any CPU.ActiveCfg = Release|Win32
		{5B8BF04C-0BF0-41CD-94D4-40BB0FEE09E4}.SingleImage|Any CPU.Build.0 = Release|Win32
		{5B8BF04C-0BF0-41CD-94D4-40BB0FEE09E4}.SingleImage|Mixed Platforms.ActiveCfg = Release|Win32
		{5B8BF04C-0BF0-41CD-94D4-40BB0FEE09E4}.SingleImage|Mixed Platforms.Build.0 = Release|Win32
		{5B8BF04C-0BF0-41CD-94D4-40BB0FEE09E4}.SingleImage|Win32.ActiveCfg = Release|Win32
		{5B8BF04C-0BF0-41CD-94D4-40BB0FEE09E4}.SingleImage|Win32.Build.0 = Release|Win32
		{5B8BF04C-0BF0-41CD-94D4-40BB0FEE09E4}.SingleImage|x64.ActiveCfg = Release|x64
		{5B8BF04C-0BF0-41CD-94D4-40BB0FEE09E4}.SingleImage|x64.Build.0 = Release|x64
		{5B8BF04C-0BF0-41CD-94D4-40BB0FEE09E4}.WebDeployment|Any CPU.ActiveCfg = Release|Win32
		{5B8BF04C-0BF0-41CD-94D4-40BB0FEE09E4}.WebDeployment|Mixed Platforms.ActiveCfg = Release|Win32
		{5B8BF04C-0BF0-41CD-94D4-40BB0FEE09E4}.WebDeployment|Mixed Platforms.Build.0 = Release|Win32
		{5B8BF04C-0BF0-41CD-94D4-40BB0FEE09E4}.WebDeployment|Win32.ActiveCfg = Release|Win32
		{5B8BF04C-0BF0-41CD-94D4-40BB0FEE09E4}.WebDeployment|Win32.Build.0 = Release|Win32
		{5B8BF04C-0BF0-41CD-94D4-40BB0FEE09E4}.WebDeployment|x64.ActiveCfg = Release|x64
		{5B8BF04C-0BF0-41CD-94D4-40BB0FEE09E4}.WebDeployment|x64.Build.0 = Release|x64
		{5B8BF04C-0BF0-41CD-94D4-40BB0FEE09E4}.Wise Installation|Any CPU.ActiveCfg = Release|Win32
		{5B8BF04C-0BF0-41CD-94D4-40BB0FEE09E4}.Wise Installation|Mixed Platforms.ActiveCfg = Release|Win32
		{5B8BF04C-0BF0-41CD-94D4-40BB0FEE09E4}.Wise Installation|Mixed Platforms.Build.0 = Release|Win32
		{5B8BF04C-0BF0-41CD-94D4-40BB0FEE09E4}.Wise Installation|Win32.ActiveCfg = Release|Win32
		{5B8BF04C-0BF0-41CD-94D4-40BB0FEE09E4}.Wise Installation|Win32.Build.0 = Release|Win32
		{5B8BF04C-0BF0-41CD-94D4-40BB0FEE09E4}.Wise Installation|x64.ActiveCfg = Release|x64
		{5B8BF04C-0BF0-41CD-94D4-40BB0FEE09E4}.Wise Installation|x64.Build.0 = Release|x64
		{5B8BF04C-0BF0-41CD-94D4-40BB0FEE09E4}.x64|Any CPU.ActiveCfg = Debug|Win32
		{5B8BF04C-0BF0-41CD-94D4-40BB0FEE09E4}.x64|Mixed Platforms.ActiveCfg = Debug|Win32
		{5B8BF04C-0BF0-41CD-94D4-40BB0FEE09E4}.x64|Mixed Platforms.Build.0 = Debug|Win32
		{5B8BF04C-0BF0-41CD-94D4-40BB0FEE09E4}.x64|Win32.ActiveCfg = Debug|Win32
		{5B8BF04C-0BF0-41CD-94D4-40BB0FEE09E4}.x64|Win32.Build.0 = Debug|Win32
		{5B8BF04C-0BF0-41CD-94D4-40BB0FEE09E4}.x64|x64.ActiveCfg = Debug|x64
		{5B8BF04C-0BF0-41CD-94D4-40BB0FEE09E4}.x64|x64.Build.0 = Debug|x64
		{E683F356-6517-47C8-9E96-07E174786D61}.CD_ROM|Any CPU.ActiveCfg = Release|Win32
		{E683F356-6517-47C8-9E96-07E174786D61}.CD_ROM|Mixed Platforms.ActiveCfg = Release|Win32
		{E683F356-6517-47C8-9E96-07E174786D61}.CD_ROM|Mixed Platforms.Build.0 = Release|Win32
		{E683F356-6517-47C8-9E96-07E174786D61}.CD_ROM|Win32.ActiveCfg = Release|Win32
		{E683F356-6517-47C8-9E96-07E174786D61}.CD_ROM|Win32.Build.0 = Release|Win32
		{E683F356-6517-47C8-9E96-07E174786D61}.CD_ROM|x64.ActiveCfg = Release|Win32
		{E683F356-6517-47C8-9E96-07E174786D61}.Custom|Any CPU.ActiveCfg = Release|Win32
		{E683F356-6517-47C8-9E96-07E174786D61}.Custom|Mixed Platforms.ActiveCfg = Release|Win32
		{E683F356-6517-47C8-9E96-07E174786D61}.Custom|Mixed Platforms.Build.0 = Release|Win32
		{E683F356-6517-47C8-9E96-07E174786D61}.Custom|Win32.ActiveCfg = Release|Win32
		{E683F356-6517-47C8-9E96-07E174786D61}.Custom|Win32.Build.0 = Release|Win32
		{E683F356-6517-47C8-9E96-07E174786D61}.Custom|x64.ActiveCfg = Release|Win32
		{E683F356-6517-47C8-9E96-07E174786D61}.Debug|Any CPU.ActiveCfg = Debug|Win32
		{E683F356-6517-47C8-9E96-07E174786D61}.Debug|Mixed Platforms.ActiveCfg = Debug|Win32
		{E683F356-6517-47C8-9E96-07E174786D61}.Debug|Mixed Platforms.Build.0 = Debug|Win32
		{E683F356-6517-47C8-9E96-07E174786D61}.Debug|Win32.ActiveCfg = Debug|Win32
		{E683F356-6517-47C8-9E96-07E174786D61}.Debug|Win32.Build.0 = Debug|Win32
		{E683F356-6517-47C8-9E96-07E174786D61}.Debug|x64.ActiveCfg = Debug|Win32
		{E683F356-6517-47C8-9E96-07E174786D61}.DVD-10|Any CPU.ActiveCfg = Debug|Win32
		{E683F356-6517-47C8-9E96-07E174786D61}.DVD-10|Mixed Platforms.ActiveCfg = Debug|Win32
		{E683F356-6517-47C8-9E96-07E174786D61}.DVD-10|Mixed Platforms.Build.0 = Debug|Win32
		{E683F356-6517-47C8-9E96-07E174786D61}.DVD-10|Win32.ActiveCfg = Debug|Win32
		{E683F356-6517-47C8-9E96-07E174786D61}.DVD-10|Win32.Build.0 = Debug|Win32
		{E683F356-6517-47C8-9E96-07E174786D61}.DVD-10|x64.ActiveCfg = Debug|Win32
		{E683F356-6517-47C8-9E96-07E174786D61}.DVD-18|Any CPU.ActiveCfg = Debug|Win32
		{E683F356-6517-47C8-9E96-07E174786D61}.DVD-18|Mixed Platforms.ActiveCfg = Debug|Win32
		{E683F356-6517-47C8-9E96-07E174786D61}.DVD-18|Mixed Platforms.Build.0 = Debug|Win32
		{E683F356-6517-47C8-9E96-07E174786D61}.DVD-18|Win32.ActiveCfg = Debug|Win32
		{E683F356-6517-47C8-9E96-07E174786D61}.DVD-18|Win32.Build.0 = Debug|Win32
		{E683F356-6517-47C8-9E96-07E174786D61}.DVD-18|x64.ActiveCfg = Debug|Win32
		{E683F356-6517-47C8-9E96-07E174786D61}.DVD-5|Any CPU.ActiveCfg = Debug|Win32
		{E683F356-6517-47C8-9E96-07E174786D61}.DVD-5|Mixed Platforms.ActiveCfg = Debug|Win32
		{E683F356-6517-47C8-9E96-07E174786D61}.DVD-5|Mixed Platforms.Build.0 = Debug|Win32
		{E683F356-6517-47C8-9E96-07E174786D61}.DVD-5|Win32.ActiveCfg = Debug|Win32
		{E683F356-6517-47C8-9E96-07E174786D61}.DVD-5|Win32.Build.0 = Debug|Win32
		{E683F356-6517-47C8-9E96-07E174786D61}.DVD-5|x64.ActiveCfg = Debug|Win32
		{E683F356-6517-47C8-9E96-07E174786D61}.DVD-9|Any CPU.ActiveCfg = Debug|Win32
		{E683F356-6517-47C8-9E96-07E174786D61}.DVD-9|Mixed Platforms.ActiveCfg = Debug|Win32
		{E683F356-6517-47C8-9E96-07E174786D61}.DVD-9|Mixed Platforms.Build.0 = Debug|Win32
		{E683F356-6517-47C8-9E96-07E174786D61}.DVD-9|Win32.ActiveCfg = Debug|Win32
		{E683F356-6517-47C8-9E96-07E174786D61}.DVD-9|Win32.Build.0 = Debug|Win32
		{E683F356-6517-47C8-9E96-07E174786D61}.DVD-9|x64.ActiveCfg = Debug|Win32
		{E683F356-6517-47C8-9E96-07E174786D61}.Release|Any CPU.ActiveCfg = Release|Win32
		{E683F356-6517-47C8-9E96-07E174786D61}.Release|Mixed Platforms.ActiveCfg = Release|Win32
		{E683F356-6517-47C8-9E96-07E174786D61}.Release|Mixed Platforms.Build.0 = Release|Win32
		{E683F356-6517-47C8-9E96-07E174786D61}.Release|Win32.ActiveCfg = Release|Win32
		{E683F356-6517-47C8-9E96-07E174786D61}.Release|x64.ActiveCfg = Release|Win32
		{E683F356-6517-47C8-9E96-07E174786D61}.SingleImage|Any CPU.ActiveCfg = Release|Win32
		{E683F356-6517-47C8-9E96-07E174786D61}.SingleImage|Mixed Platforms.ActiveCfg = Release|Win32
		{E683F356-6517-47C8-9E96-07E174786D61}.SingleImage|Mixed Platforms.Build.0 = Release|Win32
		{E683F356-6517-47C8-9E96-07E174786D61}.SingleImage|Win32.ActiveCfg = Release|Win32
		{E683F356-6517-47C8-9E96-07E174786D61}.SingleImage|Win32.Build.0 = Release|Win32
		{E683F356-6517-47C8-9E96-07E174786D61}.SingleImage|x64.ActiveCfg = Release|Win32
		{E683F356-6517-47C8-9E96-07E174786D61}.WebDeployment|Any CPU.ActiveCfg = Release|Win32
		{E683F356-6517-47C8-9E96-07E174786D61}.WebDeployment|Mixed Platforms.ActiveCfg = Release|Win32
		{E683F356-6517-47C8-9E96-07E174786D61}.WebDeployment|Mixed Platforms.Build.0 = Release|Win32
		{E683F356-6517-47C8-9E96-07E174786D61}.WebDeployment|Win32.ActiveCfg = Release|Win32
		{E683F356-6517-47C8-9E96-07E174786D61}.WebDeployment|Win32.Build.0 = Release|Win32
		{E683F356-6517-47C8-9E96-07E174786D61}.WebDeployment|x64.ActiveCfg = Release|Win32
		{E683F356-6517-47C8-9E96-07E174786D61}.Wise Installation|Any CPU.ActiveCfg = Release|Win32
		{E683F356-6517-47C8-9E96-07E174786D61}.Wise Installation|Mixed Platforms.ActiveCfg = Release|Win32
		{E683F356-6517-47C8-9E96-07E174786D61}.Wise Installation|Mixed Platforms.Build.0 = Release|Win32
		{E683F356-6517-47C8-9E96-07E174786D61}.Wise Installation|Win32.ActiveCfg = Release|Win32
		{E683F356-6517-47C8-9E96-07E174786D61}.Wise Installation|Win32.Build.0 = Release|Win32
		{E683F356-6517-47C8-9E96-07E174786D61}.Wise Installation|x64.ActiveCfg = Release|Win32
		{E683F356-6517-47C8-9E96-07E174786D61}.x64|Any CPU.ActiveCfg = x64|Win32
		{E683F356-6517-47C8-9E96-07E174786D61}.x64|Mixed Platforms.ActiveCfg = x64|Win32
		{E683F356-6517-47C8-9E96-07E174786D61}.x64|Mixed Platforms.Build.0 = x64|Win32
		{E683F356-6517-47C8-9E96-07E174786D61}.x64|Win32.ActiveCfg = x64|Win32
		{E683F356-6517-47C8-9E96-07E174786D61}.x64|x64.ActiveCfg = x64|Win32
	EndGlobalSection
	GlobalSection(SolutionProperties) = preSolution
		HideSolutionNode = FALSE
	EndGlobalSection
EndGlobal
