Microsoft Visual Studio Solution File, Format Version 12.00
# Visual Studio Version 16
VisualStudioVersion = 16.0.30011.22
MinimumVisualStudioVersion = 10.0.40219.1
Project("{2150E333-8FDC-42A3-9474-1A3956D46DE8}") = "Solution Items", "Solution Items", "{B576DCA9-9716-469D-B5B7-ACDB16CD6774}"
	ProjectSection(SolutionItems) = preProject
		ReadMe.htm = ReadMe.htm
	EndProjectSection
EndProject
Project("{F184B08F-C81C-45F6-A57F-5ABD9991F28F}") = "CEdit", "Source\Cedit\CEdit.vbproj", "{CB26F40A-5B87-473B-805B-5392B6D0FE8C}"
EndProject
Project("{6989167D-11E4-40FE-8C1A-2192A86A7E90}") = "CFAST", "Source\CFAST\CFAST.vfproj", "{5B8BF04C-0BF0-41CD-94D4-40BB0FEE09E4}"
EndProject
Project("{6989167D-11E4-40FE-8C1A-2192A86A7E90}") = "VandV_Calcs", "Source\VandV_Calcs\VandV_Calcs.vfproj", "{E683F356-6517-47C8-9E96-07E174786D61}"
EndProject
Project("{6989167D-11E4-40FE-8C1A-2192A86A7E90}") = "Cdata", "Source\Cdata\Cdata.vfproj", "{4C291A69-DF7B-4FF7-8C9B-4A441109AD0C}"
EndProject
Global
	GlobalSection(SolutionConfigurationPlatforms) = preSolution
		Debug|Any CPU = Debug|Any CPU
		Debug|x64 = Debug|x64
		Debug|x86 = Debug|x86
		Release|Any CPU = Release|Any CPU
		Release|x64 = Release|x64
		Release|x86 = Release|x86
		x64|Any CPU = x64|Any CPU
		x64|x64 = x64|x64
		x64|x86 = x64|x86
	EndGlobalSection
	GlobalSection(ProjectConfigurationPlatforms) = postSolution
		{CB26F40A-5B87-473B-805B-5392B6D0FE8C}.Debug|Any CPU.ActiveCfg = Debug|Any CPU
		{CB26F40A-5B87-473B-805B-5392B6D0FE8C}.Debug|Any CPU.Build.0 = Debug|Any CPU
		{CB26F40A-5B87-473B-805B-5392B6D0FE8C}.Debug|x64.ActiveCfg = Debug|Any CPU
		{CB26F40A-5B87-473B-805B-5392B6D0FE8C}.Debug|x64.Build.0 = Debug|Any CPU
		{CB26F40A-5B87-473B-805B-5392B6D0FE8C}.Debug|x86.ActiveCfg = Debug|Any CPU
		{CB26F40A-5B87-473B-805B-5392B6D0FE8C}.Debug|x86.Build.0 = Debug|Any CPU
		{CB26F40A-5B87-473B-805B-5392B6D0FE8C}.Release|Any CPU.ActiveCfg = Release|Any CPU
		{CB26F40A-5B87-473B-805B-5392B6D0FE8C}.Release|Any CPU.Build.0 = Release|Any CPU
		{CB26F40A-5B87-473B-805B-5392B6D0FE8C}.Release|x64.ActiveCfg = Release|Any CPU
		{CB26F40A-5B87-473B-805B-5392B6D0FE8C}.Release|x64.Build.0 = Release|Any CPU
		{CB26F40A-5B87-473B-805B-5392B6D0FE8C}.Release|x86.ActiveCfg = Release|Any CPU
		{CB26F40A-5B87-473B-805B-5392B6D0FE8C}.Release|x86.Build.0 = Release|Any CPU
		{CB26F40A-5B87-473B-805B-5392B6D0FE8C}.x64|Any CPU.ActiveCfg = x64|Any CPU
		{CB26F40A-5B87-473B-805B-5392B6D0FE8C}.x64|Any CPU.Build.0 = x64|Any CPU
		{CB26F40A-5B87-473B-805B-5392B6D0FE8C}.x64|x64.ActiveCfg = x64|Any CPU
		{CB26F40A-5B87-473B-805B-5392B6D0FE8C}.x64|x64.Build.0 = x64|Any CPU
		{CB26F40A-5B87-473B-805B-5392B6D0FE8C}.x64|x86.ActiveCfg = x64|Any CPU
		{CB26F40A-5B87-473B-805B-5392B6D0FE8C}.x64|x86.Build.0 = x64|Any CPU
		{5B8BF04C-0BF0-41CD-94D4-40BB0FEE09E4}.Debug|Any CPU.ActiveCfg = Debug|Win32
		{5B8BF04C-0BF0-41CD-94D4-40BB0FEE09E4}.Debug|x64.ActiveCfg = Debug|x64
		{5B8BF04C-0BF0-41CD-94D4-40BB0FEE09E4}.Debug|x64.Build.0 = Debug|x64
		{5B8BF04C-0BF0-41CD-94D4-40BB0FEE09E4}.Debug|x86.ActiveCfg = Debug|Win32
		{5B8BF04C-0BF0-41CD-94D4-40BB0FEE09E4}.Debug|x86.Build.0 = Debug|Win32
		{5B8BF04C-0BF0-41CD-94D4-40BB0FEE09E4}.Release|Any CPU.ActiveCfg = Release|Win32
		{5B8BF04C-0BF0-41CD-94D4-40BB0FEE09E4}.Release|x64.ActiveCfg = Release|x64
		{5B8BF04C-0BF0-41CD-94D4-40BB0FEE09E4}.Release|x64.Build.0 = Release|x64
		{5B8BF04C-0BF0-41CD-94D4-40BB0FEE09E4}.Release|x86.ActiveCfg = Release|Win32
		{5B8BF04C-0BF0-41CD-94D4-40BB0FEE09E4}.Release|x86.Build.0 = Release|Win32
		{5B8BF04C-0BF0-41CD-94D4-40BB0FEE09E4}.x64|Any CPU.ActiveCfg = x64|Win32
		{5B8BF04C-0BF0-41CD-94D4-40BB0FEE09E4}.x64|x64.ActiveCfg = x64|x64
		{5B8BF04C-0BF0-41CD-94D4-40BB0FEE09E4}.x64|x64.Build.0 = x64|x64
		{5B8BF04C-0BF0-41CD-94D4-40BB0FEE09E4}.x64|x86.ActiveCfg = x64|Win32
		{5B8BF04C-0BF0-41CD-94D4-40BB0FEE09E4}.x64|x86.Build.0 = x64|Win32
		{E683F356-6517-47C8-9E96-07E174786D61}.Debug|Any CPU.ActiveCfg = Debug|Win32
		{E683F356-6517-47C8-9E96-07E174786D61}.Debug|x64.ActiveCfg = Debug|Win32
		{E683F356-6517-47C8-9E96-07E174786D61}.Debug|x86.ActiveCfg = Debug|Win32
		{E683F356-6517-47C8-9E96-07E174786D61}.Debug|x86.Build.0 = Debug|Win32
		{E683F356-6517-47C8-9E96-07E174786D61}.Release|Any CPU.ActiveCfg = Release|Win32
		{E683F356-6517-47C8-9E96-07E174786D61}.Release|x64.ActiveCfg = Release|Win32
		{E683F356-6517-47C8-9E96-07E174786D61}.Release|x86.ActiveCfg = Release|Win32
		{E683F356-6517-47C8-9E96-07E174786D61}.Release|x86.Build.0 = Release|Win32
		{E683F356-6517-47C8-9E96-07E174786D61}.x64|Any CPU.ActiveCfg = x64|Win32
		{E683F356-6517-47C8-9E96-07E174786D61}.x64|x64.ActiveCfg = x64|Win32
		{E683F356-6517-47C8-9E96-07E174786D61}.x64|x86.ActiveCfg = x64|Win32
		{E683F356-6517-47C8-9E96-07E174786D61}.x64|x86.Build.0 = x64|Win32
		{4C291A69-DF7B-4FF7-8C9B-4A441109AD0C}.Debug|Any CPU.ActiveCfg = Debug|Win32
		{4C291A69-DF7B-4FF7-8C9B-4A441109AD0C}.Debug|x64.ActiveCfg = Debug|Win32
		{4C291A69-DF7B-4FF7-8C9B-4A441109AD0C}.Debug|x86.ActiveCfg = Debug|Win32
		{4C291A69-DF7B-4FF7-8C9B-4A441109AD0C}.Debug|x86.Build.0 = Debug|Win32
		{4C291A69-DF7B-4FF7-8C9B-4A441109AD0C}.Release|Any CPU.ActiveCfg = Release|Win32
		{4C291A69-DF7B-4FF7-8C9B-4A441109AD0C}.Release|x64.ActiveCfg = Release|Win32
		{4C291A69-DF7B-4FF7-8C9B-4A441109AD0C}.Release|x86.ActiveCfg = Release|Win32
		{4C291A69-DF7B-4FF7-8C9B-4A441109AD0C}.Release|x86.Build.0 = Release|Win32
		{4C291A69-DF7B-4FF7-8C9B-4A441109AD0C}.x64|Any CPU.ActiveCfg = Release|Win32
		{4C291A69-DF7B-4FF7-8C9B-4A441109AD0C}.x64|Any CPU.Build.0 = Release|Win32
		{4C291A69-DF7B-4FF7-8C9B-4A441109AD0C}.x64|x64.ActiveCfg = Release|Win32
		{4C291A69-DF7B-4FF7-8C9B-4A441109AD0C}.x64|x64.Build.0 = Release|Win32
		{4C291A69-DF7B-4FF7-8C9B-4A441109AD0C}.x64|x86.ActiveCfg = Release|Win32
		{4C291A69-DF7B-4FF7-8C9B-4A441109AD0C}.x64|x86.Build.0 = Release|Win32
	EndGlobalSection
	GlobalSection(SolutionProperties) = preSolution
		HideSolutionNode = FALSE
	EndGlobalSection
	GlobalSection(ExtensibilityGlobals) = postSolution
		SolutionGuid = {31F670D6-A0A4-40DF-8EA0-AAF75D2EADE0}
	EndGlobalSection
EndGlobal
