Microsoft Visual Studio Solution File, Format Version 8.00
Project("{F184B08F-C81C-45F6-A57F-5ABD9991F28F}") = "CEdit", "CEdit.vbproj", "{CB26F40A-5B87-473B-805B-5392B6D0FE8C}"
	ProjectSection(ProjectDependencies) = postProject
		{5B8BF04C-0BF0-41CD-94D4-40BB0FEE09E4} = {5B8BF04C-0BF0-41CD-94D4-40BB0FEE09E4}
	EndProjectSection
EndProject
Project("{6989167D-11E4-40FE-8C1A-2192A86A7E90}") = "CFAST", "..\CFAST\CFAST6.0.6.51220\CFAST.vfproj", "{5B8BF04C-0BF0-41CD-94D4-40BB0FEE09E4}"
	ProjectSection(ProjectDependencies) = postProject
	EndProjectSection
EndProject
Project("{A734F5DF-E661-41CC-B53D-9EF2EF194444}") = "CEditSetup", "..\CEditSetup\CEditSetup.wsproj", "{1E2DF098-D6EE-44E4-AB1A-E23FF87838CD}"
	ProjectSection(ProjectDependencies) = postProject
	EndProjectSection
EndProject
Global
	GlobalSection(SolutionConfiguration) = preSolution
		Debug = Debug
		Release = Release
	EndGlobalSection
	GlobalSection(ProjectConfiguration) = postSolution
		{CB26F40A-5B87-473B-805B-5392B6D0FE8C}.Debug.ActiveCfg = Debug|.NET
		{CB26F40A-5B87-473B-805B-5392B6D0FE8C}.Debug.Build.0 = Debug|.NET
		{CB26F40A-5B87-473B-805B-5392B6D0FE8C}.Release.ActiveCfg = Release|.NET
		{CB26F40A-5B87-473B-805B-5392B6D0FE8C}.Release.Build.0 = Release|.NET
		{5B8BF04C-0BF0-41CD-94D4-40BB0FEE09E4}.Debug.ActiveCfg = Debug|Win32
		{5B8BF04C-0BF0-41CD-94D4-40BB0FEE09E4}.Debug.Build.0 = Debug|Win32
		{5B8BF04C-0BF0-41CD-94D4-40BB0FEE09E4}.Release.ActiveCfg = Release|Win32
		{5B8BF04C-0BF0-41CD-94D4-40BB0FEE09E4}.Release.Build.0 = Release|Win32
		{1E2DF098-D6EE-44E4-AB1A-E23FF87838CD}.Debug.ActiveCfg = Release
		{1E2DF098-D6EE-44E4-AB1A-E23FF87838CD}.Debug.Build.0 = Release
		{1E2DF098-D6EE-44E4-AB1A-E23FF87838CD}.Release.ActiveCfg = Release
		{1E2DF098-D6EE-44E4-AB1A-E23FF87838CD}.Release.Build.0 = Release
	EndGlobalSection
	GlobalSection(ExtensibilityGlobals) = postSolution
	EndGlobalSection
	GlobalSection(ExtensibilityAddIns) = postSolution
	EndGlobalSection
EndGlobal
