Microsoft Visual Studio Solution File, Format Version 10.00
# Visual Studio 2008
Project("{6989167D-11E4-40FE-8C1A-2192A86A7E90}") = "PyroProcess", "PyroProcess\PyroProcess.vfproj", "{F0609646-8B01-468C-8519-087C816567B9}"
EndProject
Project("{6989167D-11E4-40FE-8C1A-2192A86A7E90}") = "CompareProcess", "CompareProcess\CompareProcess.vfproj", "{9126AB2A-CF1C-47E8-B537-579F0FB58E83}"
EndProject
Global
	GlobalSection(SolutionConfigurationPlatforms) = preSolution
		Debug|Win32 = Debug|Win32
		Release|Win32 = Release|Win32
	EndGlobalSection
	GlobalSection(ProjectConfigurationPlatforms) = postSolution
		{F0609646-8B01-468C-8519-087C816567B9}.Debug|Win32.ActiveCfg = Debug|Win32
		{F0609646-8B01-468C-8519-087C816567B9}.Debug|Win32.Build.0 = Debug|Win32
		{F0609646-8B01-468C-8519-087C816567B9}.Release|Win32.ActiveCfg = Release|Win32
		{F0609646-8B01-468C-8519-087C816567B9}.Release|Win32.Build.0 = Release|Win32
		{9126AB2A-CF1C-47E8-B537-579F0FB58E83}.Debug|Win32.ActiveCfg = Debug|Win32
		{9126AB2A-CF1C-47E8-B537-579F0FB58E83}.Debug|Win32.Build.0 = Debug|Win32
		{9126AB2A-CF1C-47E8-B537-579F0FB58E83}.Release|Win32.ActiveCfg = Release|Win32
		{9126AB2A-CF1C-47E8-B537-579F0FB58E83}.Release|Win32.Build.0 = Release|Win32
	EndGlobalSection
	GlobalSection(SolutionProperties) = preSolution
		HideSolutionNode = FALSE
	EndGlobalSection
EndGlobal
